# This file is autogenerated, do not edit; changes may be undone by the next 'dep ensure'.


[[projects]]
  digest = "1:5d72bbcc9c8667b11c3dc3cbe681c5a6f71e5096744c0bf7726ab5c6425d5dc4"
  name = "github.com/BurntSushi/toml"
  packages = ["."]
  pruneopts = "NUT"
  revision = "3012a1dbe2e4bd1391d42b32f0577cb7bbc7f005"
  version = "v0.3.1"

[[projects]]
  digest = "1:4816836c291b7f2a0da7deefa679ef234be8ad845a199ed2e48779234536cefa"
  name = "github.com/Microsoft/go-winio"
  packages = [
    ".",
    "pkg/guid",
  ]
  pruneopts = "NUT"
  revision = "6c72808b55902eae4c5943626030429ff20f3b63"
  version = "v0.4.14"

[[projects]]
  branch = "release-1.14"
  digest = "1:1aab08ef29db88b8d6172949defc8f07cda9170d0c14d9b71ed9dec4087d2971"
  name = "github.com/caicloud/clientset"
  packages = [
    "kubernetes",
    "kubernetes/scheme",
    "kubernetes/typed/alerting/v1alpha1",
    "kubernetes/typed/alerting/v1alpha2",
    "kubernetes/typed/apiextensions/v1beta1",
    "kubernetes/typed/apiregistration/v1",
    "kubernetes/typed/clever/v1alpha1",
    "kubernetes/typed/clever/v1alpha2",
    "kubernetes/typed/cnetworking/v1alpha1",
    "kubernetes/typed/config/v1alpha1",
    "kubernetes/typed/dataset/v1alpha1",
    "kubernetes/typed/dataset/v1alpha2",
    "kubernetes/typed/devops/v1",
    "kubernetes/typed/evaluation/v1alpha1",
    "kubernetes/typed/loadbalance/v1alpha2",
    "kubernetes/typed/logging/v1alpha1",
    "kubernetes/typed/microservice/v1alpha1",
    "kubernetes/typed/model/v1alpha1",
    "kubernetes/typed/orchestration/v1alpha1",
    "kubernetes/typed/release/v1alpha1",
    "kubernetes/typed/resource/v1alpha1",
    "kubernetes/typed/resource/v1beta1",
    "kubernetes/typed/servicemesh/v1alpha1",
    "kubernetes/typed/serving/v1alpha1",
    "kubernetes/typed/tenant/v1alpha1",
    "kubernetes/typed/workload/v1alpha1",
    "kubernetes/typed/workload/v1beta1",
    "pkg/apis/alerting/v1alpha1",
    "pkg/apis/alerting/v1alpha2",
    "pkg/apis/apiextensions/v1beta1",
    "pkg/apis/apiregistration/v1",
    "pkg/apis/clever/v1alpha1",
    "pkg/apis/clever/v1alpha2",
    "pkg/apis/cnetworking/v1alpha1",
    "pkg/apis/config/v1alpha1",
    "pkg/apis/dataset/v1alpha1",
    "pkg/apis/dataset/v1alpha2",
    "pkg/apis/devops/v1",
    "pkg/apis/evaluation/v1alpha1",
    "pkg/apis/loadbalance/v1alpha2",
    "pkg/apis/logging/v1alpha1",
    "pkg/apis/microservice/v1alpha1",
    "pkg/apis/model/v1alpha1",
    "pkg/apis/orchestration/v1alpha1",
    "pkg/apis/release/v1alpha1",
    "pkg/apis/resource/v1alpha1",
    "pkg/apis/resource/v1beta1",
    "pkg/apis/servicemesh/v1alpha1",
    "pkg/apis/serving/v1alpha1",
    "pkg/apis/tenant/v1alpha1",
    "pkg/apis/workload/v1alpha1",
    "pkg/apis/workload/v1beta1",
  ]
  pruneopts = "NUT"
  revision = "6209752e162732bc48f5edabd8dc5c1a03f0b1b6"

[[projects]]
  digest = "1:bdfc2e5788839b4e97cdab16ebbf8e16fb7fc26fbb0a6d354a8032882c195b1a"
  name = "github.com/caicloud/logging-admin"
  packages = [
    "pkg/util/graceful",
    "pkg/util/osutil",
  ]
  pruneopts = "NUT"
  revision = "e85d97602bdfb77785aa984ff287f87fe2badb4e"
  version = "v2.4.2"

[[projects]]
  branch = "master"
  digest = "1:921543a4a38e5585d2c9968677e6e25a08dc32343658dbbd8d497378ce31d3dc"
  name = "github.com/caicloud/nirvana"
  packages = ["log"]
  pruneopts = "NUT"
  revision = "9db4443612d2c534c57916ad2c2704e3aa68c92d"

[[projects]]
  digest = "1:ffe9824d294da03b391f44e1ae8281281b4afc1bdaa9588c9097785e3af10cec"
  name = "github.com/davecgh/go-spew"
  packages = ["spew"]
  pruneopts = "NUT"
  revision = "8991bc29aa16c548c550c7ff78260e27b9ab7c73"
  version = "v1.1.1"

[[projects]]
  digest = "1:4ddc17aeaa82cb18c5f0a25d7c253a10682f518f4b2558a82869506eec223d76"
  name = "github.com/docker/distribution"
  packages = [
    "digestset",
    "reference",
  ]
  pruneopts = "NUT"
  revision = "2461543d988979529609e8cb6fca9ca190dc48da"
  version = "v2.7.1"

[[projects]]
  digest = "1:b68599a3121a71063743f22a860c840e13eb3ba7a8dffdb57edb0507b19f5fbe"
  name = "github.com/docker/docker"
  packages = [
    "api/types",
    "api/types/blkiodev",
    "api/types/container",
    "api/types/events",
    "api/types/filters",
    "api/types/mount",
    "api/types/network",
    "api/types/reference",
    "api/types/registry",
    "api/types/strslice",
    "api/types/swarm",
    "api/types/time",
    "api/types/versions",
    "api/types/volume",
    "client",
    "pkg/tlsconfig",
  ]
  pruneopts = "NUT"
  revision = "092cba3727bb9b4a2f0e922cd6c0f93ea270e363"
  version = "v1.13.1"

[[projects]]
  digest = "1:2a47f7eb1a2c30428d1ee6808cb66d4deb17e68a3e55d696f03c8068552ba5e8"
  name = "github.com/docker/go-connections"
  packages = [
    "nat",
    "sockets",
    "tlsconfig",
  ]
  pruneopts = "NUT"
  revision = "7395e3f8aa162843a74ed6d48e79627d9792ac55"
  version = "v0.4.0"

[[projects]]
  digest = "1:97176fe8a268479a527d08df458c269dc27abf59c1643807d4e36398cbd9ef2d"
  name = "github.com/docker/go-units"
  packages = ["."]
  pruneopts = "NUT"
  revision = "519db1ee28dcc9fd2474ae59fca29a810482bfb1"
  version = "v0.4.0"

[[projects]]
  digest = "1:05602f5eae4fd487dab3939ce67585b0b2500aa61028e1669b6080b26f6ec049"
  name = "github.com/elastic/beats"
  packages = [
    "libbeat/common/file",
    "libbeat/logp",
    "libbeat/paths",
  ]
  pruneopts = "NUT"
  revision = "fa5b03454e25d60fbcd857a5839d16db59507b82"
  version = "v6.8.4"

[[projects]]
  digest = "1:4a6195421649ca8a6a795222e480fcc7a24c95f498507265cb30dd935f86dab2"
  name = "github.com/elastic/go-ucfg"
  packages = [
    ".",
    "internal/parse",
  ]
  pruneopts = "NUT"
  revision = "0ba28e36add27704e6b49a7ed8557989a8f4a635"
  version = "v0.5.1"

[[projects]]
  digest = "1:2b0e6c0bea11257c646616ebd6a62be0ef2b6a0fd8210ac3caeaf57ee136123b"
  name = "github.com/gogo/protobuf"
  packages = [
    "proto",
    "sortkeys",
  ]
  pruneopts = "NUT"
  revision = "5628607bb4c51c3157aacc3a50f0ab707582b805"
  version = "v1.3.1"

[[projects]]
  digest = "1:796f9c63c68774a89eade387a8476e45ec2b34f5649b0726983204202c3649d6"
  name = "github.com/golang/protobuf"
  packages = [
    "proto",
    "ptypes",
    "ptypes/any",
    "ptypes/duration",
    "ptypes/timestamp",
  ]
  pruneopts = "NUT"
  revision = "6c65a5562fc06764971b7c5d05c76c75e84bdbf7"
  version = "v1.3.2"

[[projects]]
  digest = "1:52c5834e2bebac9030c97cc0798ac11c3aa8a39f098aeb419f142533da6cd3cc"
  name = "github.com/google/gofuzz"
  packages = ["."]
  pruneopts = "NUT"
  revision = "f140a6486e521aad38f5917de355cbf147cc0496"
  version = "v1.0.0"

[[projects]]
  digest = "1:5e092394bed250d7fda36cef8b7e1d22bb2d5f71878bbb137be5fc1c2705f965"
  name = "github.com/googleapis/gnostic"
  packages = [
    "OpenAPIv2",
    "compiler",
    "extensions",
  ]
  pruneopts = "NUT"
  revision = "ab0dd09aa10e2952b28e12ecd35681b20463ebab"
  version = "v0.3.1"

[[projects]]
  digest = "1:ed860d2b2c1d066d36a89c982eefc7d019badd534f60e87ab65d3d94f0797ef0"
  name = "github.com/hashicorp/golang-lru"
  packages = [
    ".",
    "simplelru",
  ]
  pruneopts = "NUT"
  revision = "7f827b33c0f158ec5dfbba01bb0b14a4541fd81d"
  version = "v0.5.3"

[[projects]]
  digest = "1:996dd5b4e2def9c256d4aa732db9a2d16d00a5eaf264139fa4bce5a4d2dc5fde"
  name = "github.com/json-iterator/go"
  packages = ["."]
  pruneopts = "NUT"
  revision = "03217c3e97663914aec3faafde50d081f197a0a2"
  version = "v1.1.8"

[[projects]]
  digest = "1:2f42fa12d6911c7b7659738758631bec870b7e9b4c6be5444f963cdcfccc191f"
  name = "github.com/modern-go/concurrent"
  packages = ["."]
  pruneopts = "NUT"
  revision = "bacd9c7ef1dd9b15be4a9909b8ac7a4e313eec94"
  version = "1.0.3"

[[projects]]
  digest = "1:c6aca19413b13dc59c220ad7430329e2ec454cc310bc6d8de2c7e2b93c18a0f6"
  name = "github.com/modern-go/reflect2"
  packages = ["."]
  pruneopts = "NUT"
  revision = "4b7aa43c6742a2c18fdef89dd197aaae7dac7ccd"
  version = "1.0.1"

[[projects]]
  digest = "1:e0cc8395ea893c898ff5eb0850f4d9851c1f57c78c232304a026379a47a552d0"
  name = "github.com/opencontainers/go-digest"
  packages = ["."]
  pruneopts = "NUT"
  revision = "279bed98673dd5bef374d3b6e4b09e2af76183bf"
  version = "v1.0.0-rc1"

[[projects]]
  digest = "1:14715f705ff5dfe0ffd6571d7d201dd8e921030f8070321a79380d8ca4ec1a24"
  name = "github.com/pkg/errors"
  packages = ["."]
  pruneopts = "NUT"
  revision = "ba968bfe8b2f7e042a574c888954fccecfa385b4"
  version = "v0.8.1"

[[projects]]
  digest = "1:6bc0652ea6e39e22ccd522458b8bdd8665bf23bdc5a20eec90056e4dc7e273ca"
  name = "github.com/satori/go.uuid"
  packages = ["."]
  pruneopts = "NUT"
  revision = "f58768cc1a7a7e77a3bd49e98cdd21419399b6a3"
  version = "v1.2.0"

[[projects]]
  digest = "1:0e70a2bca7289a57e94d6452e05667d49319bba2a7457a2d1b3323bb1cd1d7d9"
  name = "go.uber.org/atomic"
  packages = ["."]
  pruneopts = "NUT"
  revision = "9dc4df04d0d1c39369750a9f6c32c39560672089"
  version = "v1.5.0"

[[projects]]
  digest = "1:a1440ebbcb42dca581a6d557749cb72770e17b3bf7751f953ae2b0606cd65013"
  name = "go.uber.org/multierr"
  packages = ["."]
  pruneopts = "NUT"
  revision = "824d08f79702fe5f54aca8400aa0d754318786e7"
  version = "v1.4.0"

[[projects]]
  branch = "master"
  digest = "1:440ca29adfcd7fb9cf1cb6f2e55f251f9eafbd114064f049d495bbe7c9e22097"
  name = "go.uber.org/tools"
  packages = ["update-license"]
  pruneopts = "NUT"
  revision = "2cfd321de3ee5d5f8a5fda2521d1703478334d98"

[[projects]]
  digest = "1:c419039949f6068bdcd69246a936dd39ada7313c5f6d13535989af11a4f0fec6"
  name = "go.uber.org/zap"
  packages = [
    ".",
    "buffer",
    "internal/bufferpool",
    "internal/color",
    "internal/exit",
    "zapcore",
    "zaptest/observer",
  ]
  pruneopts = "NUT"
  revision = "a6015e13fab9b744d96085308ce4e8f11bad1996"
  version = "v1.12.0"

[[projects]]
  branch = "master"
  digest = "1:bbe51412d9915d64ffaa96b51d409e070665efc5194fcf145c4a27d4133107a4"
  name = "golang.org/x/crypto"
  packages = ["ssh/terminal"]
  pruneopts = "NUT"
  revision = "c7e5f84aec591254278750bee18f39e5dd19cdb5"

[[projects]]
  branch = "master"
  digest = "1:5b8b10c6c3a2c1b4131a1e05de506f8a544ff4ede7cd26cdfcdef4fc2a5b1510"
  name = "golang.org/x/lint"
  packages = [
    ".",
    "golint",
  ]
  pruneopts = "NUT"
  revision = "16217165b5de779cb6a5e4fc81fa9c1166fda457"

[[projects]]
  branch = "master"
  digest = "1:c44583deae449dc3168f24c744d60e166b56c81528cc5a864492a68e373c95c5"
  name = "golang.org/x/net"
  packages = [
    "context",
    "context/ctxhttp",
    "http/httpguts",
    "http2",
    "http2/hpack",
    "idna",
    "internal/socks",
    "proxy",
  ]
  pruneopts = "NUT"
  revision = "a882066a44e04a21d46e51451c71e131344e830e"

[[projects]]
  branch = "master"
  digest = "1:f3a2e6d7423b8c19cdb2203cda9672900cc43012ea69f30ff6874dd453f44aec"
  name = "golang.org/x/oauth2"
  packages = [
    ".",
    "internal",
  ]
  pruneopts = "NUT"
  revision = "0f29369cfe4552d0e4bcddc57cc75f4d7e672a33"

[[projects]]
  branch = "master"
  digest = "1:d85df0c0605011d2c986fdb9c3449216f0dff7b427458a948b57063102c8e242"
  name = "golang.org/x/sys"
  packages = [
    "unix",
    "windows",
    "windows/registry",
    "windows/svc/eventlog",
  ]
  pruneopts = "NUT"
  revision = "c1f44814a5cd81a6d1cb589ef1e528bc5d305e07"

[[projects]]
  digest = "1:8d8faad6b12a3a4c819a3f9618cb6ee1fa1cfc33253abeeea8b55336721e3405"
  name = "golang.org/x/text"
  packages = [
    "collate",
    "collate/build",
    "internal/colltab",
    "internal/gen",
    "internal/language",
    "internal/language/compact",
    "internal/tag",
    "internal/triegen",
    "internal/ucd",
    "language",
    "secure/bidirule",
    "transform",
    "unicode/bidi",
    "unicode/cldr",
    "unicode/norm",
    "unicode/rangetable",
  ]
  pruneopts = "NUT"
  revision = "342b2e1fbaa52c93f31447ad2c6abc048c63e475"
  version = "v0.3.2"

[[projects]]
  branch = "master"
  digest = "1:a2f668c709f9078828e99cb1768cb02e876cb81030545046a32b54b2ac2a9ea8"
  name = "golang.org/x/time"
  packages = ["rate"]
  pruneopts = "NUT"
  revision = "555d28b269f0569763d25dbe1a237ae74c6bcc82"

[[projects]]
  branch = "master"
  digest = "1:24bdfa6b59167b319425261689ebde2f9d15d13680341833ada3551a3da99fb2"
  name = "golang.org/x/tools"
  packages = [
    "go/analysis",
    "go/analysis/passes/inspect",
    "go/ast/astutil",
    "go/ast/inspector",
    "go/buildutil",
    "go/gcexportdata",
    "go/internal/gcimporter",
    "go/internal/packagesdriver",
    "go/packages",
    "go/types/objectpath",
    "go/types/typeutil",
    "internal/fastwalk",
    "internal/gopathwalk",
    "internal/semver",
    "internal/span",
  ]
  pruneopts = "NUT"
  revision = "689d0f08e67ae0c77c260e137ac6a3729498c92f"

[[projects]]
  digest = "1:c8131c929081f0fa26901a27eec93162a44afb3fc89a38573520dd4e3f1b1621"
  name = "google.golang.org/appengine"
  packages = [
    "internal",
    "internal/base",
    "internal/datastore",
    "internal/log",
    "internal/remote_api",
    "internal/urlfetch",
    "urlfetch",
  ]
  pruneopts = "NUT"
  revision = "971852bfffca25b069c31162ae8f247a3dba083b"
  version = "v1.6.5"

[[projects]]
  digest = "1:1b91ae0dc69a41d4c2ed23ea5cffb721ea63f5037ca4b81e6d6771fbb8f45129"
  name = "gopkg.in/fsnotify/fsnotify.v1"
  packages = ["."]
  pruneopts = "NUT"
  revision = "c2828203cd70a50dcccfb2761f8b1f8ceef9a8e9"
  version = "v1.4.7"

[[projects]]
  digest = "1:2d1fbdc6777e5408cabeb02bf336305e724b925ff4546ded0fa8715a7267922a"
  name = "gopkg.in/inf.v0"
  packages = ["."]
  pruneopts = "NUT"
  revision = "d2d2541c53f18d2a059457998ce2876cc8e67cbf"
  version = "v0.9.1"

[[projects]]
  digest = "1:5ad10df0893403ae9fdbd17c6f14814394a635339dd79595600bae52432befcf"
  name = "gopkg.in/yaml.v2"
  packages = ["."]
  pruneopts = "NUT"
  revision = "f90ceb4f409096b60e2e9076b38b304b8246e5fa"
  version = "v2.2.5"

[[projects]]
  digest = "1:41dcca9245f5ee3e71365b39b1eed7f4c8d8d50a4c5397cd3ac21a3c7a8866ef"
  name = "honnef.co/go/tools"
  packages = [
    "arg",
    "cmd/staticcheck",
    "config",
    "deprecated",
    "facts",
    "functions",
    "go/types/typeutil",
    "internal/cache",
    "internal/passes/buildssa",
    "internal/renameio",
    "internal/sharedcheck",
    "lint",
    "lint/lintdsl",
    "lint/lintutil",
    "lint/lintutil/format",
    "loader",
    "printf",
    "simple",
    "ssa",
    "ssautil",
    "staticcheck",
    "staticcheck/vrp",
    "stylecheck",
    "unused",
    "version",
  ]
  pruneopts = "NUT"
  revision = "afd67930eec2a9ed3e9b19f684d17a062285f16a"
  version = "2019.2.3"

[[projects]]
  digest = "1:a937ed4322409fa22924f02124fd0727c19662f73cf15406646d19bdce972df2"
  name = "k8s.io/api"
  packages = [
    "admissionregistration/v1beta1",
    "apps/v1",
    "apps/v1beta1",
    "apps/v1beta2",
    "auditregistration/v1alpha1",
    "authentication/v1",
    "authentication/v1beta1",
    "authorization/v1",
    "authorization/v1beta1",
    "autoscaling/v1",
    "autoscaling/v2beta1",
    "autoscaling/v2beta2",
    "batch/v1",
    "batch/v1beta1",
    "batch/v2alpha1",
    "certificates/v1beta1",
    "coordination/v1",
    "coordination/v1beta1",
    "core/v1",
    "events/v1beta1",
    "extensions/v1beta1",
    "networking/v1",
    "networking/v1beta1",
    "node/v1alpha1",
    "node/v1beta1",
    "policy/v1beta1",
    "rbac/v1",
    "rbac/v1alpha1",
    "rbac/v1beta1",
    "scheduling/v1",
    "scheduling/v1alpha1",
    "scheduling/v1beta1",
    "settings/v1alpha1",
    "storage/v1",
    "storage/v1alpha1",
    "storage/v1beta1",
  ]
  pruneopts = "NUT"
  revision = "a675ac48af67cf21d815b5f8df288462096eb9c9"
  version = "kubernetes-1.14.2"

[[projects]]
  digest = "1:c65ab070987ab9e19c944c68d622f0cd1ef40aad50a057988cb53bad049a89cf"
  name = "k8s.io/apimachinery"
  packages = [
    "pkg/api/errors",
    "pkg/api/meta",
    "pkg/api/resource",
    "pkg/apis/meta/internalversion",
    "pkg/apis/meta/v1",
    "pkg/apis/meta/v1/unstructured",
    "pkg/apis/meta/v1beta1",
    "pkg/conversion",
    "pkg/conversion/queryparams",
    "pkg/fields",
    "pkg/labels",
    "pkg/runtime",
    "pkg/runtime/schema",
    "pkg/runtime/serializer",
    "pkg/runtime/serializer/json",
    "pkg/runtime/serializer/protobuf",
    "pkg/runtime/serializer/recognizer",
    "pkg/runtime/serializer/streaming",
    "pkg/runtime/serializer/versioning",
    "pkg/selection",
    "pkg/types",
    "pkg/util/cache",
    "pkg/util/clock",
    "pkg/util/diff",
    "pkg/util/errors",
    "pkg/util/framer",
    "pkg/util/intstr",
    "pkg/util/json",
    "pkg/util/naming",
    "pkg/util/net",
    "pkg/util/runtime",
    "pkg/util/sets",
    "pkg/util/validation",
    "pkg/util/validation/field",
    "pkg/util/wait",
    "pkg/util/yaml",
    "pkg/version",
    "pkg/watch",
    "third_party/forked/golang/reflect",
  ]
  pruneopts = "NUT"
  revision = "6a84e37a896db9780c75367af8d2ed2bb944022e"
  version = "kubernetes-1.14.2"

[[projects]]
  digest = "1:122d5ef066dc90a41b2cd6d7b5854ff0de590121bdab56cbb23f64d9f61d77bb"
  name = "k8s.io/client-go"
  packages = [
    "discovery",
    "kubernetes",
    "kubernetes/scheme",
    "kubernetes/typed/admissionregistration/v1beta1",
    "kubernetes/typed/apps/v1",
    "kubernetes/typed/apps/v1beta1",
    "kubernetes/typed/apps/v1beta2",
    "kubernetes/typed/auditregistration/v1alpha1",
    "kubernetes/typed/authentication/v1",
    "kubernetes/typed/authentication/v1beta1",
    "kubernetes/typed/authorization/v1",
    "kubernetes/typed/authorization/v1beta1",
    "kubernetes/typed/autoscaling/v1",
    "kubernetes/typed/autoscaling/v2beta1",
    "kubernetes/typed/autoscaling/v2beta2",
    "kubernetes/typed/batch/v1",
    "kubernetes/typed/batch/v1beta1",
    "kubernetes/typed/batch/v2alpha1",
    "kubernetes/typed/certificates/v1beta1",
    "kubernetes/typed/coordination/v1",
    "kubernetes/typed/coordination/v1beta1",
    "kubernetes/typed/core/v1",
    "kubernetes/typed/events/v1beta1",
    "kubernetes/typed/extensions/v1beta1",
    "kubernetes/typed/networking/v1",
    "kubernetes/typed/networking/v1beta1",
    "kubernetes/typed/node/v1alpha1",
    "kubernetes/typed/node/v1beta1",
    "kubernetes/typed/policy/v1beta1",
    "kubernetes/typed/rbac/v1",
    "kubernetes/typed/rbac/v1alpha1",
    "kubernetes/typed/rbac/v1beta1",
    "kubernetes/typed/scheduling/v1",
    "kubernetes/typed/scheduling/v1alpha1",
    "kubernetes/typed/scheduling/v1beta1",
    "kubernetes/typed/settings/v1alpha1",
    "kubernetes/typed/storage/v1",
    "kubernetes/typed/storage/v1alpha1",
    "kubernetes/typed/storage/v1beta1",
    "pkg/apis/clientauthentication",
    "pkg/apis/clientauthentication/v1alpha1",
    "pkg/apis/clientauthentication/v1beta1",
    "pkg/version",
    "plugin/pkg/client/auth/exec",
    "rest",
    "rest/watch",
    "tools/cache",
    "tools/clientcmd/api",
    "tools/metrics",
    "tools/pager",
    "tools/reference",
    "transport",
    "util/cert",
    "util/connrotation",
    "util/flowcontrol",
    "util/keyutil",
    "util/retry",
  ]
  pruneopts = "NUT"
  revision = "ae8359b20417914b73a4b514b7a3d642597700bb"
  version = "kubernetes-1.14.2"

[[projects]]
  digest = "1:c0693cb981f43d82a767a3217b7640a4bdb341731d3814b38602f4e5dc4f01b3"
  name = "k8s.io/klog"
  packages = ["."]
  pruneopts = "NUT"
  revision = "2ca9ad30301bf30a8a6e0fa2110db6b8df699a91"
  version = "v1.0.0"

[[projects]]
  branch = "master"
  digest = "1:2d3f59daa4b479ff4e100a2e1d8fea6780040fdadc177869531fe4cc29407f55"
  name = "k8s.io/utils"
  packages = [
    "buffer",
    "integer",
    "trace",
  ]
  pruneopts = "NUT"
  revision = "2b95a09bc58df43d4032504619706b6a38293a47"

[[projects]]
  digest = "1:8730e0150dfb2b7e173890c8b9868e7a273082ef8e39f4940e3506a481cf895c"
  name = "sigs.k8s.io/yaml"
  packages = ["."]
  pruneopts = "NUT"
  revision = "fd68e9863619f6ec2fdd8625fe1f02e7c877e480"
  version = "v1.1.0"

[solve-meta]
  analyzer-name = "dep"
  analyzer-version = 1
  input-imports = [
    "github.com/caicloud/clientset/kubernetes",
    "github.com/caicloud/logging-admin/pkg/util/graceful",
    "github.com/caicloud/logging-admin/pkg/util/osutil",
    "github.com/caicloud/nirvana/log",
    "github.com/docker/docker/api/types",
    "github.com/docker/docker/api/types/events",
    "github.com/docker/docker/api/types/filters",
    "github.com/docker/docker/client",
    "github.com/elastic/beats/libbeat/logp",
    "github.com/elastic/go-ucfg",
    "gopkg.in/fsnotify/fsnotify.v1",
    "gopkg.in/yaml.v2",
    "k8s.io/api/core/v1",
    "k8s.io/apimachinery/pkg/apis/meta/v1",
    "k8s.io/apimachinery/pkg/runtime",
    "k8s.io/apimachinery/pkg/watch",
    "k8s.io/client-go/rest",
    "k8s.io/client-go/tools/cache",
  ]
  solver-name = "gps-cdcl"
  solver-version = 1
